
Microsoft Visual Studio Solution File, Format Version 12.00
# Visual Studio Version 16
VisualStudioVersion = 16.0.32901.82
MinimumVisualStudioVersion = 10.0.40219.1
Project("{FAE04EC0-301F-11D3-BF4B-00C04F79EFBC}") = "A2", "A2\A2.csproj", "{59F0EB26-DA09-4BB1-BC89-8DE9C9636D3D}"
EndProject
Global
	GlobalSection(SolutionConfigurationPlatforms) = preSolution
		Debug|Any CPU = Debug|Any CPU
		Release|Any CPU = Release|Any CPU
	EndGlobalSection
	GlobalSection(ProjectConfigurationPlatforms) = postSolution
		{59F0EB26-DA09-4BB1-BC89-8DE9C9636D3D}.Debug|Any CPU.ActiveCfg = Debug|Any CPU
		{59F0EB26-DA09-4BB1-BC89-8DE9C9636D3D}.Debug|Any CPU.Build.0 = Debug|Any CPU
		{59F0EB26-DA09-4BB1-BC89-8DE9C9636D3D}.Release|Any CPU.ActiveCfg = Release|Any CPU
		{59F0EB26-DA09-4BB1-BC89-8DE9C9636D3D}.Release|Any CPU.Build.0 = Release|Any CPU
	EndGlobalSection
	GlobalSection(SolutionProperties) = preSolution
		HideSolutionNode = FALSE
	EndGlobalSection
	GlobalSection(ExtensibilityGlobals) = postSolution
		SolutionGuid = {A877963B-1CDA-4E0C-AEF4-0DDEF7F6590F}
	EndGlobalSection
EndGlobal
